<?xml version="1.0" encoding="utf-8"?>
<Project ToolsVersion="4.0" xmlns="http://schemas.microsoft.com/developer/msbuild/2003">
  <ItemGroup>
    <ClCompile Include="BSI.cpp" />
    <ClCompile Include="DES.cpp" />
    <ClCompile Include="AES.cpp">
      <Filter>AES</Filter>
    </ClCompile>
  </ItemGroup>
  <ItemGroup>
    <ClInclude Include="AES.h">
      <Filter>AES</Filter>
    </ClInclude>
  </ItemGroup>
  <ItemGroup>
    <Filter Include="AES">
      <UniqueIdentifier>{ff35dec7-8e04-4b15-be33-d079ea03c6e6}</UniqueIdentifier>
    </Filter>
  </ItemGroup>
</Project>